{
  "nodes": {
    "_1password-shell-plugins": {
      "inputs": {
        "flake-utils": "flake-utils",
        "nixpkgs": [
          "home-manager"
        ]
      },
      "locked": {
        "lastModified": 1716464653,
        "narHash": "sha256-7ABtcvZf8P2axZNVV3m9LiKy1VW0lumu60sSuUOYG0o=",
        "owner": "1Password",
        "repo": "shell-plugins",
        "rev": "d36189bf486ff2c4d9275c9ce29ec1aa92eaa4a7",
        "type": "github"
      },
      "original": {
        "owner": "1Password",
        "repo": "shell-plugins",
        "type": "github"
      }
    },
    "darwin": {
      "inputs": {
        "nixpkgs": [
          "nixpkgs"
        ]
      },
      "locked": {
        "lastModified": 1721719500,
        "narHash": "sha256-nnkqjv4Y37Hydjh6HE9wW4kSkV5Q7q4iIXlL5lwUFOw=",
        "owner": "lnl7",
        "repo": "nix-darwin",
        "rev": "884f3fe6d9bf056ba0017c132c39c1f0d07d4fec",
        "type": "github"
      },
      "original": {
        "owner": "lnl7",
        "repo": "nix-darwin",
        "type": "github"
      }
    },
    "flake-utils": {
      "inputs": {
        "systems": "systems"
      },
      "locked": {
        "lastModified": 1710146030,
        "narHash": "sha256-SZ5L6eA7HJ/nmkzGG7/ISclqe6oZdOZTNoesiInkXPQ=",
        "owner": "numtide",
        "repo": "flake-utils",
        "rev": "b1d9ab70662946ef0850d488da1c9019f3a9752a",
        "type": "github"
      },
      "original": {
        "owner": "numtide",
        "repo": "flake-utils",
        "type": "github"
      }
    },
    "home-manager": {
      "inputs": {
        "nixpkgs": [
          "nixpkgs"
        ]
      },
      "locked": {
        "lastModified": 1720042825,
        "narHash": "sha256-A0vrUB6x82/jvf17qPCpxaM+ulJnD8YZwH9Ci0BsAzE=",
        "owner": "nix-community",
        "repo": "home-manager",
        "rev": "e1391fb22e18a36f57e6999c7a9f966dc80ac073",
        "type": "github"
      },
      "original": {
        "owner": "nix-community",
        "ref": "release-24.05",
        "repo": "home-manager",
        "type": "github"
      }
    },
    "nixpkgs": {
      "locked": {
        "lastModified": 1721662280,
        "narHash": "sha256-veJoWy9VCxWaBeLYUD0BqTu2fqMvDg98TxSFau7ewaA=",
        "owner": "nixos",
        "repo": "nixpkgs",
        "rev": "ea73e7ae9dea53d112cb08fb78f4e00d1f686c54",
        "type": "github"
      },
      "original": {
        "owner": "nixos",
        "ref": "nixpkgs-24.05-darwin",
        "repo": "nixpkgs",
        "type": "github"
      }
    },
    "nixpkgs-unstable": {
      "locked": {
        "lastModified": 1721622093,
        "narHash": "sha256-iQ+quy3A1EKeFyLyAtjhgSvZHH7r+xybXZkxMhasN4I=",
        "owner": "nixos",
        "repo": "nixpkgs",
        "rev": "453402b94f39f968a7c27df28e060f69e4a50c3b",
        "type": "github"
      },
      "original": {
        "owner": "nixos",
        "ref": "nixpkgs-unstable",
        "repo": "nixpkgs",
        "type": "github"
      }
    },
    "root": {
      "inputs": {
        "_1password-shell-plugins": "_1password-shell-plugins",
        "darwin": "darwin",
        "home-manager": "home-manager",
        "nixpkgs": "nixpkgs",
        "nixpkgs-unstable": "nixpkgs-unstable"
      }
    },
    "systems": {
      "locked": {
        "lastModified": 1681028828,
        "narHash": "sha256-Vy1rq5AaRuLzOxct8nz4T6wlgyUR7zLU309k9mBC768=",
        "owner": "nix-systems",
        "repo": "default",
        "rev": "da67096a3b9bf56a91d16901293e51ba5b49a27e",
        "type": "github"
      },
      "original": {
        "owner": "nix-systems",
        "repo": "default",
        "type": "github"
      }
    }
  },
  "root": "root",
  "version": 7
}
