{
  "nodes": {
    "_1password-shell-plugins": {
      "inputs": {
        "nixpkgs": [
          "home-manager"
        ],
        "systems": "systems"
      },
      "locked": {
        "lastModified": 1756860511,
        "narHash": "sha256-AA8vN5YMXcCznWfaH/2AgtRNpZPG4wvbLTT79u0b+LU=",
        "owner": "1Password",
        "repo": "shell-plugins",
        "rev": "49810df8fe11221250a890191185c6e59aea8d1e",
        "type": "github"
      },
      "original": {
        "owner": "1Password",
        "repo": "shell-plugins",
        "type": "github"
      }
    },
    "darwin": {
      "inputs": {
        "nixpkgs": [
          "nixpkgs"
        ]
      },
      "locked": {
        "lastModified": 1759509947,
        "narHash": "sha256-4XifSIHfpJKcCf5bZZRhj8C4aCpjNBaE3kXr02s4rHU=",
        "owner": "lnl7",
        "repo": "nix-darwin",
        "rev": "000eadb231812ad6ea6aebd7526974aaf4e79355",
        "type": "github"
      },
      "original": {
        "owner": "lnl7",
        "ref": "nix-darwin-25.05",
        "repo": "nix-darwin",
        "type": "github"
      }
    },
    "flake-parts": {
      "inputs": {
        "nixpkgs-lib": [
          "nur",
          "nixpkgs"
        ]
      },
      "locked": {
        "lastModified": 1733312601,
        "narHash": "sha256-4pDvzqnegAfRkPwO3wmwBhVi/Sye1mzps0zHWYnP88c=",
        "owner": "hercules-ci",
        "repo": "flake-parts",
        "rev": "205b12d8b7cd4802fbcb8e8ef6a0f1408781a4f9",
        "type": "github"
      },
      "original": {
        "owner": "hercules-ci",
        "repo": "flake-parts",
        "type": "github"
      }
    },
    "home-manager": {
      "inputs": {
        "nixpkgs": [
          "nixpkgs"
        ]
      },
      "locked": {
        "lastModified": 1758463745,
        "narHash": "sha256-uhzsV0Q0I9j2y/rfweWeGif5AWe0MGrgZ/3TjpDYdGA=",
        "owner": "nix-community",
        "repo": "home-manager",
        "rev": "3b955f5f0a942f9f60cdc9cacb7844335d0f21c3",
        "type": "github"
      },
      "original": {
        "owner": "nix-community",
        "ref": "release-25.05",
        "repo": "home-manager",
        "type": "github"
      }
    },
    "nixlib": {
      "locked": {
        "lastModified": 1736643958,
        "narHash": "sha256-tmpqTSWVRJVhpvfSN9KXBvKEXplrwKnSZNAoNPf/S/s=",
        "owner": "nix-community",
        "repo": "nixpkgs.lib",
        "rev": "1418bc28a52126761c02dd3d89b2d8ca0f521181",
        "type": "github"
      },
      "original": {
        "owner": "nix-community",
        "repo": "nixpkgs.lib",
        "type": "github"
      }
    },
    "nixos-generators": {
      "inputs": {
        "nixlib": "nixlib",
        "nixpkgs": [
          "nixpkgs"
        ]
      },
      "locked": {
        "lastModified": 1751903740,
        "narHash": "sha256-PeSkNMvkpEvts+9DjFiop1iT2JuBpyknmBUs0Un0a4I=",
        "owner": "nix-community",
        "repo": "nixos-generators",
        "rev": "032decf9db65efed428afd2fa39d80f7089085eb",
        "type": "github"
      },
      "original": {
        "owner": "nix-community",
        "repo": "nixos-generators",
        "type": "github"
      }
    },
    "nixpkgs": {
      "locked": {
        "lastModified": 1760555908,
        "narHash": "sha256-cqLWc8Z6AoTRi8jYIELw+a9Ig5dtZX2aA6Vj4X8KkFo=",
        "owner": "nixos",
        "repo": "nixpkgs",
        "rev": "d4865112f6afb9fc3b6ecd03c74669a3fef9b89b",
        "type": "github"
      },
      "original": {
        "owner": "nixos",
        "ref": "nixpkgs-25.05-darwin",
        "repo": "nixpkgs",
        "type": "github"
      }
    },
    "nixpkgs-unstable": {
      "locked": {
        "lastModified": 1760596604,
        "narHash": "sha256-J/i5K6AAz/y5dBePHQOuzC7MbhyTOKsd/GLezSbEFiM=",
        "owner": "nixos",
        "repo": "nixpkgs",
        "rev": "3cbe716e2346710d6e1f7c559363d14e11c32a43",
        "type": "github"
      },
      "original": {
        "owner": "nixos",
        "ref": "nixpkgs-unstable",
        "repo": "nixpkgs",
        "type": "github"
      }
    },
    "nixpkgs_2": {
      "locked": {
        "lastModified": 1760164275,
        "narHash": "sha256-gKl2Gtro/LNf8P+4L3S2RsZ0G390ccd5MyXYrTdMCFE=",
        "owner": "NixOS",
        "repo": "nixpkgs",
        "rev": "362791944032cb532aabbeed7887a441496d5e6e",
        "type": "github"
      },
      "original": {
        "owner": "NixOS",
        "ref": "nixpkgs-unstable",
        "repo": "nixpkgs",
        "type": "github"
      }
    },
    "nur": {
      "inputs": {
        "flake-parts": "flake-parts",
        "nixpkgs": [
          "nixpkgs"
        ]
      },
      "locked": {
        "lastModified": 1760626018,
        "narHash": "sha256-egSsb7gdTxRBWHIaaZ1NDb1ge3okW76rrac2Uv9ovic=",
        "owner": "nix-community",
        "repo": "NUR",
        "rev": "0381717a9b6f53e531ae6315894220c223e2060b",
        "type": "github"
      },
      "original": {
        "owner": "nix-community",
        "repo": "NUR",
        "type": "github"
      }
    },
    "root": {
      "inputs": {
        "_1password-shell-plugins": "_1password-shell-plugins",
        "darwin": "darwin",
        "home-manager": "home-manager",
        "nixos-generators": "nixos-generators",
        "nixpkgs": "nixpkgs",
        "nixpkgs-unstable": "nixpkgs-unstable",
        "nur": "nur",
        "sops-nix": "sops-nix"
      }
    },
    "sops-nix": {
      "inputs": {
        "nixpkgs": "nixpkgs_2"
      },
      "locked": {
        "lastModified": 1760393368,
        "narHash": "sha256-8mN3kqyqa2PKY0wwZ2UmMEYMcxvNTwLaOrrDsw6Qi4E=",
        "owner": "Mic92",
        "repo": "sops-nix",
        "rev": "ab8d56e85b8be14cff9d93735951e30c3e86a437",
        "type": "github"
      },
      "original": {
        "owner": "Mic92",
        "repo": "sops-nix",
        "type": "github"
      }
    },
    "systems": {
      "locked": {
        "lastModified": 1681028828,
        "narHash": "sha256-Vy1rq5AaRuLzOxct8nz4T6wlgyUR7zLU309k9mBC768=",
        "owner": "nix-systems",
        "repo": "default",
        "rev": "da67096a3b9bf56a91d16901293e51ba5b49a27e",
        "type": "github"
      },
      "original": {
        "owner": "nix-systems",
        "repo": "default",
        "type": "github"
      }
    }
  },
  "root": "root",
  "version": 7
}
